<?xml version="1.0" encoding="utf-8"?>
<Project ToolsVersion="4.0" xmlns="http://schemas.microsoft.com/developer/msbuild/2003">
  <ItemGroup>
    <Filter Include="Source Files">
      <UniqueIdentifier>{4FC737F1-C7A5-4376-A066-2A32D752A2FF}</UniqueIdentifier>
      <Extensions>cpp;c;cc;cxx;def;odl;idl;hpj;bat;asm;asmx</Extensions>
    </Filter>
    <Filter Include="Header Files">
      <UniqueIdentifier>{93995380-89BD-4b04-88EB-625FBE52EBFB}</UniqueIdentifier>
      <Extensions>h;hh;hpp;hxx;hm;inl;inc;xsd</Extensions>
    </Filter>
    <Filter Include="Resource Files">
      <UniqueIdentifier>{67DA6AB6-F800-4c08-8B7A-83BB121AAD01}</UniqueIdentifier>
      <Extensions>rc;ico;cur;bmp;dlg;rc2;rct;bin;rgs;gif;jpg;jpeg;jpe;resx;tiff;tif;png;wav;mfcribbon-ms</Extensions>
    </Filter>
  </ItemGroup>
  <ItemGroup>
    <ClCompile Include="main.cpp">
      <Filter>Source Files</Filter>
    </ClCompile>
    <ClCompile Include="renderer\Scene.cpp">
      <Filter>Source Files</Filter>
    </ClCompile>
    <ClCompile Include="renderer\SceneObject.cpp">
      <Filter>Source Files</Filter>
    </ClCompile>
    <ClCompile Include="renderer\Renderable.cpp">
      <Filter>Source Files</Filter>
    </ClCompile>
    <ClCompile Include="renderer\OpenGLSetup.cpp">
      <Filter>Source Files</Filter>
    </ClCompile>
    <ClCompile Include="renderer\Shader.cpp">
      <Filter>Source Files</Filter>
    </ClCompile>
    <ClCompile Include="renderer\Camera.cpp">
      <Filter>Source Files</Filter>
    </ClCompile>
    <ClCompile Include="renderer\Cube.cpp">
      <Filter>Source Files</Filter>
    </ClCompile>
    <ClCompile Include="renderer\Mesh.cpp">
      <Filter>Source Files</Filter>
    </ClCompile>
    <ClCompile Include="renderer\Model.cpp">
      <Filter>Source Files</Filter>
    </ClCompile>
    <ClCompile Include="renderer\Light.cpp">
      <Filter>Source Files</Filter>
    </ClCompile>
    <ClCompile Include="renderer\DirectionalLight.cpp">
      <Filter>Source Files</Filter>
    </ClCompile>
    <ClCompile Include="renderer\PointLight.cpp">
      <Filter>Source Files</Filter>
    </ClCompile>
    <ClCompile Include="renderer\SpotLight.cpp">
      <Filter>Source Files</Filter>
    </ClCompile>
    <ClCompile Include="terrain\Planet.cpp">
      <Filter>Source Files</Filter>
    </ClCompile>
    <ClCompile Include="game\Player.cpp">
      <Filter>Source Files</Filter>
    </ClCompile>
    <ClCompile Include="game\Game.cpp">
      <Filter>Source Files</Filter>
    </ClCompile>
  </ItemGroup>
  <ItemGroup>
    <ClInclude Include="renderer\Scene.h">
      <Filter>Header Files</Filter>
    </ClInclude>
    <ClInclude Include="renderer\SceneObject.h">
      <Filter>Header Files</Filter>
    </ClInclude>
    <ClInclude Include="renderer\Renderable.h">
      <Filter>Header Files</Filter>
    </ClInclude>
    <ClInclude Include="renderer\OpenGLSetup.h">
      <Filter>Header Files</Filter>
    </ClInclude>
    <ClInclude Include="renderer\Shader.h">
      <Filter>Header Files</Filter>
    </ClInclude>
    <ClInclude Include="renderer\Camera.h">
      <Filter>Header Files</Filter>
    </ClInclude>
    <ClInclude Include="renderer\Cube.h">
      <Filter>Header Files</Filter>
    </ClInclude>
    <ClInclude Include="renderer\Mesh.h">
      <Filter>Header Files</Filter>
    </ClInclude>
    <ClInclude Include="renderer\Model.h">
      <Filter>Header Files</Filter>
    </ClInclude>
    <ClInclude Include="renderer\Light.h">
      <Filter>Header Files</Filter>
    </ClInclude>
    <ClInclude Include="renderer\DirectionalLight.h">
      <Filter>Header Files</Filter>
    </ClInclude>
    <ClInclude Include="renderer\PointLight.h">
      <Filter>Header Files</Filter>
    </ClInclude>
    <ClInclude Include="renderer\SpotLight.h">
      <Filter>Header Files</Filter>
    </ClInclude>
    <ClInclude Include="terrain\Planet.h">
      <Filter>Header Files</Filter>
    </ClInclude>
    <ClInclude Include="game\Player.h">
      <Filter>Header Files</Filter>
    </ClInclude>
    <ClInclude Include="game\Game.h">
      <Filter>Header Files</Filter>
    </ClInclude>
  </ItemGroup>
</Project>